
Microsoft Visual Studio Solution File, Format Version 12.00
# Visual Studio Version 17
VisualStudioVersion = 17.4.33213.308
MinimumVisualStudioVersion = 10.0.40219.1
Project("{2150E333-8FDC-42A3-9474-1A3956D46DE8}") = "Core", "Core", "{BE0FECFE-F420-4D84-B743-0F27D6202B0D}"
EndProject
Project("{FAE04EC0-301F-11D3-BF4B-00C04F79EFBC}") = "ETicaretAPI.Domain", "Core\ETicaretAPI.Domain\ETicaretAPI.Domain.csproj", "{BEE60125-3C2F-423B-A712-22D006B964C3}"
EndProject
Project("{FAE04EC0-301F-11D3-BF4B-00C04F79EFBC}") = "ETicaretAPI.Application", "Core\ETicaretAPI.Application\ETicaretAPI.Application.csproj", "{0B8E116E-1538-4E84-B7DE-9DA178F9401C}"
EndProject
Project("{2150E333-8FDC-42A3-9474-1A3956D46DE8}") = "Infastructure", "Infastructure", "{B8693EE7-4DC2-4A6C-B190-DA85E42C037F}"
EndProject
Project("{FAE04EC0-301F-11D3-BF4B-00C04F79EFBC}") = "ETicaretAPI.Infastructure", "..\Infastructure\ETicaretAPI.Infastructure\ETicaretAPI.Infastructure.csproj", "{CA84DA7E-FCCB-4BD4-B9EE-78D4E3840CFE}"
EndProject
Project("{FAE04EC0-301F-11D3-BF4B-00C04F79EFBC}") = "ETicaretAPI.Persistence", "..\Infastructure\ETicaretAPI.Persistence\ETicaretAPI.Persistence.csproj", "{B6EAE7EE-09D2-4CC4-8A6E-9B630EB86BAF}"
EndProject
Project("{2150E333-8FDC-42A3-9474-1A3956D46DE8}") = "Presentation", "Presentation", "{E76689F1-6469-4C59-8BC3-DA60C085EA1B}"
EndProject
Project("{FAE04EC0-301F-11D3-BF4B-00C04F79EFBC}") = "ETicaretAPI.API", "..\Presentation\ETicaretAPI.API\ETicaretAPI.API.csproj", "{F04F9FEC-8FA7-4640-B469-A7D9563655B7}"
EndProject
Global
	GlobalSection(SolutionConfigurationPlatforms) = preSolution
		Debug|Any CPU = Debug|Any CPU
		Release|Any CPU = Release|Any CPU
	EndGlobalSection
	GlobalSection(ProjectConfigurationPlatforms) = postSolution
		{BEE60125-3C2F-423B-A712-22D006B964C3}.Debug|Any CPU.ActiveCfg = Debug|Any CPU
		{BEE60125-3C2F-423B-A712-22D006B964C3}.Debug|Any CPU.Build.0 = Debug|Any CPU
		{BEE60125-3C2F-423B-A712-22D006B964C3}.Release|Any CPU.ActiveCfg = Release|Any CPU
		{BEE60125-3C2F-423B-A712-22D006B964C3}.Release|Any CPU.Build.0 = Release|Any CPU
		{0B8E116E-1538-4E84-B7DE-9DA178F9401C}.Debug|Any CPU.ActiveCfg = Debug|Any CPU
		{0B8E116E-1538-4E84-B7DE-9DA178F9401C}.Debug|Any CPU.Build.0 = Debug|Any CPU
		{0B8E116E-1538-4E84-B7DE-9DA178F9401C}.Release|Any CPU.ActiveCfg = Release|Any CPU
		{0B8E116E-1538-4E84-B7DE-9DA178F9401C}.Release|Any CPU.Build.0 = Release|Any CPU
		{CA84DA7E-FCCB-4BD4-B9EE-78D4E3840CFE}.Debug|Any CPU.ActiveCfg = Debug|Any CPU
		{CA84DA7E-FCCB-4BD4-B9EE-78D4E3840CFE}.Debug|Any CPU.Build.0 = Debug|Any CPU
		{CA84DA7E-FCCB-4BD4-B9EE-78D4E3840CFE}.Release|Any CPU.ActiveCfg = Release|Any CPU
		{CA84DA7E-FCCB-4BD4-B9EE-78D4E3840CFE}.Release|Any CPU.Build.0 = Release|Any CPU
		{B6EAE7EE-09D2-4CC4-8A6E-9B630EB86BAF}.Debug|Any CPU.ActiveCfg = Debug|Any CPU
		{B6EAE7EE-09D2-4CC4-8A6E-9B630EB86BAF}.Debug|Any CPU.Build.0 = Debug|Any CPU
		{B6EAE7EE-09D2-4CC4-8A6E-9B630EB86BAF}.Release|Any CPU.ActiveCfg = Release|Any CPU
		{B6EAE7EE-09D2-4CC4-8A6E-9B630EB86BAF}.Release|Any CPU.Build.0 = Release|Any CPU
		{F04F9FEC-8FA7-4640-B469-A7D9563655B7}.Debug|Any CPU.ActiveCfg = Debug|Any CPU
		{F04F9FEC-8FA7-4640-B469-A7D9563655B7}.Debug|Any CPU.Build.0 = Debug|Any CPU
		{F04F9FEC-8FA7-4640-B469-A7D9563655B7}.Release|Any CPU.ActiveCfg = Release|Any CPU
		{F04F9FEC-8FA7-4640-B469-A7D9563655B7}.Release|Any CPU.Build.0 = Release|Any CPU
	EndGlobalSection
	GlobalSection(SolutionProperties) = preSolution
		HideSolutionNode = FALSE
	EndGlobalSection
	GlobalSection(NestedProjects) = preSolution
		{BEE60125-3C2F-423B-A712-22D006B964C3} = {BE0FECFE-F420-4D84-B743-0F27D6202B0D}
		{0B8E116E-1538-4E84-B7DE-9DA178F9401C} = {BE0FECFE-F420-4D84-B743-0F27D6202B0D}
		{CA84DA7E-FCCB-4BD4-B9EE-78D4E3840CFE} = {B8693EE7-4DC2-4A6C-B190-DA85E42C037F}
		{B6EAE7EE-09D2-4CC4-8A6E-9B630EB86BAF} = {B8693EE7-4DC2-4A6C-B190-DA85E42C037F}
		{F04F9FEC-8FA7-4640-B469-A7D9563655B7} = {E76689F1-6469-4C59-8BC3-DA60C085EA1B}
	EndGlobalSection
	GlobalSection(ExtensibilityGlobals) = postSolution
		SolutionGuid = {DD3B6CAF-93B3-4256-ACD2-B70AEEB02BF9}
	EndGlobalSection
EndGlobal
